
Microsoft Visual Studio Solution File, Format Version 12.00
# Visual Studio 2013
VisualStudioVersion = 12.0.30723.0
MinimumVisualStudioVersion = 10.0.40219.1
Project("{FAE04EC0-301F-11D3-BF4B-00C04F79EFBC}") = "LuckyBallsServer", "LuckyBallsServer\LuckyBallsServer.csproj", "{22A06EAC-5022-41BA-981A-144548E34592}"
EndProject
Project("{FAE04EC0-301F-11D3-BF4B-00C04F79EFBC}") = "LuckyBallsData", "LuckyBallsData\LuckyBallsData.csproj", "{8B667DA5-B9DF-4C48-BE1C-6A713E107424}"
EndProject
Global
	GlobalSection(SolutionConfigurationPlatforms) = preSolution
		Debug|Any CPU = Debug|Any CPU
		Debug|Mixed Platforms = Debug|Mixed Platforms
		Debug|Win32 = Debug|Win32
		Debug|x64 = Debug|x64
		Release|Any CPU = Release|Any CPU
		Release|Mixed Platforms = Release|Mixed Platforms
		Release|Win32 = Release|Win32
		Release|x64 = Release|x64
	EndGlobalSection
	GlobalSection(ProjectConfigurationPlatforms) = postSolution
		{22A06EAC-5022-41BA-981A-144548E34592}.Debug|Any CPU.ActiveCfg = Release|Any CPU
		{22A06EAC-5022-41BA-981A-144548E34592}.Debug|Any CPU.Build.0 = Release|Any CPU
		{22A06EAC-5022-41BA-981A-144548E34592}.Debug|Mixed Platforms.ActiveCfg = Release|Any CPU
		{22A06EAC-5022-41BA-981A-144548E34592}.Debug|Mixed Platforms.Build.0 = Release|Any CPU
		{22A06EAC-5022-41BA-981A-144548E34592}.Debug|Win32.ActiveCfg = Release|Any CPU
		{22A06EAC-5022-41BA-981A-144548E34592}.Debug|Win32.Build.0 = Release|Any CPU
		{22A06EAC-5022-41BA-981A-144548E34592}.Debug|x64.ActiveCfg = Release|Any CPU
		{22A06EAC-5022-41BA-981A-144548E34592}.Debug|x64.Build.0 = Release|Any CPU
		{22A06EAC-5022-41BA-981A-144548E34592}.Release|Any CPU.ActiveCfg = Release|Any CPU
		{22A06EAC-5022-41BA-981A-144548E34592}.Release|Any CPU.Build.0 = Release|Any CPU
		{22A06EAC-5022-41BA-981A-144548E34592}.Release|Mixed Platforms.ActiveCfg = Release|Any CPU
		{22A06EAC-5022-41BA-981A-144548E34592}.Release|Mixed Platforms.Build.0 = Release|Any CPU
		{22A06EAC-5022-41BA-981A-144548E34592}.Release|Win32.ActiveCfg = Release|Any CPU
		{22A06EAC-5022-41BA-981A-144548E34592}.Release|Win32.Build.0 = Release|Any CPU
		{22A06EAC-5022-41BA-981A-144548E34592}.Release|x64.ActiveCfg = Release|Any CPU
		{22A06EAC-5022-41BA-981A-144548E34592}.Release|x64.Build.0 = Release|Any CPU
		{8B667DA5-B9DF-4C48-BE1C-6A713E107424}.Debug|Any CPU.ActiveCfg = Release|Any CPU
		{8B667DA5-B9DF-4C48-BE1C-6A713E107424}.Debug|Any CPU.Build.0 = Release|Any CPU
		{8B667DA5-B9DF-4C48-BE1C-6A713E107424}.Debug|Mixed Platforms.ActiveCfg = Release|Any CPU
		{8B667DA5-B9DF-4C48-BE1C-6A713E107424}.Debug|Mixed Platforms.Build.0 = Release|Any CPU
		{8B667DA5-B9DF-4C48-BE1C-6A713E107424}.Debug|Win32.ActiveCfg = Release|Any CPU
		{8B667DA5-B9DF-4C48-BE1C-6A713E107424}.Debug|Win32.Build.0 = Release|Any CPU
		{8B667DA5-B9DF-4C48-BE1C-6A713E107424}.Debug|x64.ActiveCfg = Release|Any CPU
		{8B667DA5-B9DF-4C48-BE1C-6A713E107424}.Debug|x64.Build.0 = Release|Any CPU
		{8B667DA5-B9DF-4C48-BE1C-6A713E107424}.Release|Any CPU.ActiveCfg = Release|Any CPU
		{8B667DA5-B9DF-4C48-BE1C-6A713E107424}.Release|Any CPU.Build.0 = Release|Any CPU
		{8B667DA5-B9DF-4C48-BE1C-6A713E107424}.Release|Mixed Platforms.ActiveCfg = Release|Any CPU
		{8B667DA5-B9DF-4C48-BE1C-6A713E107424}.Release|Mixed Platforms.Build.0 = Release|Any CPU
		{8B667DA5-B9DF-4C48-BE1C-6A713E107424}.Release|Win32.ActiveCfg = Release|Any CPU
		{8B667DA5-B9DF-4C48-BE1C-6A713E107424}.Release|Win32.Build.0 = Release|Any CPU
		{8B667DA5-B9DF-4C48-BE1C-6A713E107424}.Release|x64.ActiveCfg = Release|Any CPU
		{8B667DA5-B9DF-4C48-BE1C-6A713E107424}.Release|x64.Build.0 = Release|Any CPU
	EndGlobalSection
	GlobalSection(SolutionProperties) = preSolution
		HideSolutionNode = FALSE
	EndGlobalSection
	GlobalSection(ExtensibilityGlobals) = postSolution
		EnterpriseLibraryConfigurationToolBinariesPathV6 = packages\EnterpriseLibrary.TransientFaultHandling.6.0.1304.0\lib\portable-net45+win+wp8;packages\EnterpriseLibrary.TransientFaultHandling.Data.6.0.1304.1\lib\NET45
	EndGlobalSection
EndGlobal
