
Microsoft Visual Studio Solution File, Format Version 12.00
# Visual Studio 15
VisualStudioVersion = 15.0.26228.49
MinimumVisualStudioVersion = 10.0.40219.1
Project("{FAE04EC0-301F-11D3-BF4B-00C04F79EFBC}") = "MatrixBuilder", "MatrixBuilder.csproj", "{22A06EAC-5022-41BA-981A-144548E34592}"
	ProjectSection(ProjectDependencies) = postProject
		{72783552-F2A5-4FBC-ACD8-19C61EF1DF45} = {72783552-F2A5-4FBC-ACD8-19C61EF1DF45}
	EndProjectSection
EndProject
Project("{8BC9CEB8-8B4A-11D0-8D11-00A0C91BC942}") = "MatrixCalculator", "MatrixCalculator\MatrixCalculator.vcxproj", "{59457598-0D86-45F9-B8A0-0570A4DD8176}"
EndProject
Project("{8BC9CEB8-8B4A-11D0-8D11-00A0C91BC942}") = "MatrixCalculatorWrapper", "MatrixCalculatorWrapper\MatrixCalculatorWrapper.vcxproj", "{72783552-F2A5-4FBC-ACD8-19C61EF1DF45}"
	ProjectSection(ProjectDependencies) = postProject
		{59457598-0D86-45F9-B8A0-0570A4DD8176} = {59457598-0D86-45F9-B8A0-0570A4DD8176}
	EndProjectSection
EndProject
Global
	GlobalSection(SolutionConfigurationPlatforms) = preSolution
		Debug|Any CPU = Debug|Any CPU
		Debug|x64 = Debug|x64
		Debug|x86 = Debug|x86
		Release|Any CPU = Release|Any CPU
		Release|x64 = Release|x64
		Release|x86 = Release|x86
	EndGlobalSection
	GlobalSection(ProjectConfigurationPlatforms) = postSolution
		{22A06EAC-5022-41BA-981A-144548E34592}.Debug|Any CPU.ActiveCfg = Debug|x64
		{22A06EAC-5022-41BA-981A-144548E34592}.Debug|x64.ActiveCfg = Debug|x64
		{22A06EAC-5022-41BA-981A-144548E34592}.Debug|x64.Build.0 = Debug|x64
		{22A06EAC-5022-41BA-981A-144548E34592}.Debug|x86.ActiveCfg = Debug|x64
		{22A06EAC-5022-41BA-981A-144548E34592}.Release|Any CPU.ActiveCfg = Release|x64
		{22A06EAC-5022-41BA-981A-144548E34592}.Release|x64.ActiveCfg = Release|x64
		{22A06EAC-5022-41BA-981A-144548E34592}.Release|x64.Build.0 = Release|x64
		{22A06EAC-5022-41BA-981A-144548E34592}.Release|x86.ActiveCfg = Release|x64
		{59457598-0D86-45F9-B8A0-0570A4DD8176}.Debug|Any CPU.ActiveCfg = Debug|x64
		{59457598-0D86-45F9-B8A0-0570A4DD8176}.Debug|x64.ActiveCfg = Debug|x64
		{59457598-0D86-45F9-B8A0-0570A4DD8176}.Debug|x64.Build.0 = Debug|x64
		{59457598-0D86-45F9-B8A0-0570A4DD8176}.Debug|x86.ActiveCfg = Debug|x64
		{59457598-0D86-45F9-B8A0-0570A4DD8176}.Release|Any CPU.ActiveCfg = Release|x64
		{59457598-0D86-45F9-B8A0-0570A4DD8176}.Release|x64.ActiveCfg = Release|x64
		{59457598-0D86-45F9-B8A0-0570A4DD8176}.Release|x64.Build.0 = Release|x64
		{59457598-0D86-45F9-B8A0-0570A4DD8176}.Release|x86.ActiveCfg = Release|x64
		{72783552-F2A5-4FBC-ACD8-19C61EF1DF45}.Debug|Any CPU.ActiveCfg = Debug|x64
		{72783552-F2A5-4FBC-ACD8-19C61EF1DF45}.Debug|x64.ActiveCfg = Debug|x64
		{72783552-F2A5-4FBC-ACD8-19C61EF1DF45}.Debug|x64.Build.0 = Debug|x64
		{72783552-F2A5-4FBC-ACD8-19C61EF1DF45}.Debug|x86.ActiveCfg = Debug|x64
		{72783552-F2A5-4FBC-ACD8-19C61EF1DF45}.Release|Any CPU.ActiveCfg = Release|x64
		{72783552-F2A5-4FBC-ACD8-19C61EF1DF45}.Release|x64.ActiveCfg = Release|x64
		{72783552-F2A5-4FBC-ACD8-19C61EF1DF45}.Release|x64.Build.0 = Release|x64
		{72783552-F2A5-4FBC-ACD8-19C61EF1DF45}.Release|x86.ActiveCfg = Release|x64
	EndGlobalSection
	GlobalSection(SolutionProperties) = preSolution
		HideSolutionNode = FALSE
	EndGlobalSection
EndGlobal
