
Microsoft Visual Studio Solution File, Format Version 12.00
# Visual Studio 2012
Project("{FAE04EC0-301F-11D3-BF4B-00C04F79EFBC}") = "SlXnaAppSample", "SlXnaAppSample\SlXnaAppSample\SlXnaAppSample.csproj", "{504FA8B5-A61C-4943-AB92-9959564CE5F9}"
EndProject
Project("{FAE04EC0-301F-11D3-BF4B-00C04F79EFBC}") = "SlXnaAppSampleLib", "SlXnaAppSample\SlXnaAppSampleLib\SlXnaAppSampleLib.csproj", "{279B67D1-D6BA-4CCB-8440-050529FAC0C7}"
EndProject
Project("{96E2B04D-8817-42C6-938A-82C39BA4D311}") = "SlXnaAppSampleLibContent", "SlXnaAppSample\SlXnaAppSampleLibContent\SlXnaAppSampleLibContent.contentproj", "{4654F00B-D421-4789-B8AC-11431211AFD8}"
EndProject
Global
	GlobalSection(SolutionConfigurationPlatforms) = preSolution
		Debug|Any CPU = Debug|Any CPU
		Debug|Mixed Platforms = Debug|Mixed Platforms
		Debug|Windows Phone = Debug|Windows Phone
		Release|Any CPU = Release|Any CPU
		Release|Mixed Platforms = Release|Mixed Platforms
		Release|Windows Phone = Release|Windows Phone
	EndGlobalSection
	GlobalSection(ProjectConfigurationPlatforms) = postSolution
		{504FA8B5-A61C-4943-AB92-9959564CE5F9}.Debug|Any CPU.ActiveCfg = Debug|Any CPU
		{504FA8B5-A61C-4943-AB92-9959564CE5F9}.Debug|Any CPU.Build.0 = Debug|Any CPU
		{504FA8B5-A61C-4943-AB92-9959564CE5F9}.Debug|Any CPU.Deploy.0 = Debug|Any CPU
		{504FA8B5-A61C-4943-AB92-9959564CE5F9}.Debug|Mixed Platforms.ActiveCfg = Debug|Any CPU
		{504FA8B5-A61C-4943-AB92-9959564CE5F9}.Debug|Mixed Platforms.Build.0 = Debug|Any CPU
		{504FA8B5-A61C-4943-AB92-9959564CE5F9}.Debug|Mixed Platforms.Deploy.0 = Debug|Any CPU
		{504FA8B5-A61C-4943-AB92-9959564CE5F9}.Debug|Windows Phone.ActiveCfg = Debug|Any CPU
		{504FA8B5-A61C-4943-AB92-9959564CE5F9}.Release|Any CPU.ActiveCfg = Release|Any CPU
		{504FA8B5-A61C-4943-AB92-9959564CE5F9}.Release|Any CPU.Build.0 = Release|Any CPU
		{504FA8B5-A61C-4943-AB92-9959564CE5F9}.Release|Any CPU.Deploy.0 = Release|Any CPU
		{504FA8B5-A61C-4943-AB92-9959564CE5F9}.Release|Mixed Platforms.ActiveCfg = Release|Any CPU
		{504FA8B5-A61C-4943-AB92-9959564CE5F9}.Release|Mixed Platforms.Build.0 = Release|Any CPU
		{504FA8B5-A61C-4943-AB92-9959564CE5F9}.Release|Mixed Platforms.Deploy.0 = Release|Any CPU
		{504FA8B5-A61C-4943-AB92-9959564CE5F9}.Release|Windows Phone.ActiveCfg = Release|Any CPU
		{279B67D1-D6BA-4CCB-8440-050529FAC0C7}.Debug|Any CPU.ActiveCfg = Debug|Windows Phone
		{279B67D1-D6BA-4CCB-8440-050529FAC0C7}.Debug|Mixed Platforms.ActiveCfg = Debug|Windows Phone
		{279B67D1-D6BA-4CCB-8440-050529FAC0C7}.Debug|Mixed Platforms.Build.0 = Debug|Windows Phone
		{279B67D1-D6BA-4CCB-8440-050529FAC0C7}.Debug|Windows Phone.ActiveCfg = Debug|Windows Phone
		{279B67D1-D6BA-4CCB-8440-050529FAC0C7}.Debug|Windows Phone.Build.0 = Debug|Windows Phone
		{279B67D1-D6BA-4CCB-8440-050529FAC0C7}.Release|Any CPU.ActiveCfg = Release|Windows Phone
		{279B67D1-D6BA-4CCB-8440-050529FAC0C7}.Release|Mixed Platforms.ActiveCfg = Release|Windows Phone
		{279B67D1-D6BA-4CCB-8440-050529FAC0C7}.Release|Mixed Platforms.Build.0 = Release|Windows Phone
		{279B67D1-D6BA-4CCB-8440-050529FAC0C7}.Release|Windows Phone.ActiveCfg = Release|Windows Phone
		{279B67D1-D6BA-4CCB-8440-050529FAC0C7}.Release|Windows Phone.Build.0 = Release|Windows Phone
		{4654F00B-D421-4789-B8AC-11431211AFD8}.Debug|Any CPU.ActiveCfg = Debug|Any CPU
		{4654F00B-D421-4789-B8AC-11431211AFD8}.Debug|Mixed Platforms.ActiveCfg = Debug|Any CPU
		{4654F00B-D421-4789-B8AC-11431211AFD8}.Debug|Windows Phone.ActiveCfg = Debug|Any CPU
		{4654F00B-D421-4789-B8AC-11431211AFD8}.Release|Any CPU.ActiveCfg = Debug|Any CPU
		{4654F00B-D421-4789-B8AC-11431211AFD8}.Release|Mixed Platforms.ActiveCfg = Debug|Any CPU
		{4654F00B-D421-4789-B8AC-11431211AFD8}.Release|Windows Phone.ActiveCfg = Debug|Any CPU
	EndGlobalSection
	GlobalSection(SolutionProperties) = preSolution
		HideSolutionNode = FALSE
	EndGlobalSection
EndGlobal
