
Microsoft Visual Studio Solution File, Format Version 11.00
# Visual Studio 2010
Project("{FAE04EC0-301F-11D3-BF4B-00C04F79EFBC}") = "AdChina.WindowsPhone.XAMLSample", "AdChina.WindowsPhone.XAMLSample\AdChina.WindowsPhone.XAMLSample.csproj", "{AF0059EE-A24A-4037-8FA4-4385C9406BB2}"
EndProject
Project("{FAE04EC0-301F-11D3-BF4B-00C04F79EFBC}") = "AdChina.WindowsPhone.CodeSample", "AdChina.WindowsPhone.CodeSample\AdChina.WindowsPhone.CodeSample.csproj", "{ED6AB8D5-2FCB-488E-9957-10AC56476C76}"
EndProject
Global
	GlobalSection(SolutionConfigurationPlatforms) = preSolution
		Debug|Any CPU = Debug|Any CPU
		Release|Any CPU = Release|Any CPU
	EndGlobalSection
	GlobalSection(ProjectConfigurationPlatforms) = postSolution
		{50B5FF0F-B5C3-49A6-9AD7-5AD39E8B912B}.Debug|Any CPU.ActiveCfg = Debug|Any CPU
		{50B5FF0F-B5C3-49A6-9AD7-5AD39E8B912B}.Debug|Any CPU.Build.0 = Debug|Any CPU
		{50B5FF0F-B5C3-49A6-9AD7-5AD39E8B912B}.Release|Any CPU.ActiveCfg = Release|Any CPU
		{50B5FF0F-B5C3-49A6-9AD7-5AD39E8B912B}.Release|Any CPU.Build.0 = Release|Any CPU
		{7BC7F1E3-1149-4C79-9A2E-C0701EB1B28E}.Debug|Any CPU.ActiveCfg = Debug|Any CPU
		{7BC7F1E3-1149-4C79-9A2E-C0701EB1B28E}.Debug|Any CPU.Build.0 = Debug|Any CPU
		{7BC7F1E3-1149-4C79-9A2E-C0701EB1B28E}.Debug|Any CPU.Deploy.0 = Debug|Any CPU
		{7BC7F1E3-1149-4C79-9A2E-C0701EB1B28E}.Release|Any CPU.ActiveCfg = Release|Any CPU
		{7BC7F1E3-1149-4C79-9A2E-C0701EB1B28E}.Release|Any CPU.Build.0 = Release|Any CPU
		{7BC7F1E3-1149-4C79-9A2E-C0701EB1B28E}.Release|Any CPU.Deploy.0 = Release|Any CPU
		{AF0059EE-A24A-4037-8FA4-4385C9406BB2}.Debug|Any CPU.ActiveCfg = Debug|Any CPU
		{AF0059EE-A24A-4037-8FA4-4385C9406BB2}.Debug|Any CPU.Build.0 = Debug|Any CPU
		{AF0059EE-A24A-4037-8FA4-4385C9406BB2}.Debug|Any CPU.Deploy.0 = Debug|Any CPU
		{AF0059EE-A24A-4037-8FA4-4385C9406BB2}.Release|Any CPU.ActiveCfg = Release|Any CPU
		{AF0059EE-A24A-4037-8FA4-4385C9406BB2}.Release|Any CPU.Build.0 = Release|Any CPU
		{AF0059EE-A24A-4037-8FA4-4385C9406BB2}.Release|Any CPU.Deploy.0 = Release|Any CPU
		{ED6AB8D5-2FCB-488E-9957-10AC56476C76}.Debug|Any CPU.ActiveCfg = Debug|Any CPU
		{ED6AB8D5-2FCB-488E-9957-10AC56476C76}.Debug|Any CPU.Build.0 = Debug|Any CPU
		{ED6AB8D5-2FCB-488E-9957-10AC56476C76}.Debug|Any CPU.Deploy.0 = Debug|Any CPU
		{ED6AB8D5-2FCB-488E-9957-10AC56476C76}.Release|Any CPU.ActiveCfg = Release|Any CPU
		{ED6AB8D5-2FCB-488E-9957-10AC56476C76}.Release|Any CPU.Build.0 = Release|Any CPU
		{ED6AB8D5-2FCB-488E-9957-10AC56476C76}.Release|Any CPU.Deploy.0 = Release|Any CPU
	EndGlobalSection
	GlobalSection(SolutionProperties) = preSolution
		HideSolutionNode = FALSE
	EndGlobalSection
EndGlobal
